
Microsoft Visual Studio Solution File, Format Version 12.00
# Visual Studio 2013
VisualStudioVersion = 12.0.21005.1
MinimumVisualStudioVersion = 10.0.40219.1
Project("{FAE04EC0-301F-11D3-BF4B-00C04F79EFBC}") = "MNIST_Core", "NN\MNIST_Core.csproj", "{7979B1A5-987C-472B-A40A-4FDF63EC88B2}"
EndProject
Project("{FAE04EC0-301F-11D3-BF4B-00C04F79EFBC}") = "MNIST_Main", "MNIST_Main\MNIST_Main.csproj", "{8884E84C-85FC-4BB1-B524-AF5F53403BF7}"
EndProject
Project("{FAE04EC0-301F-11D3-BF4B-00C04F79EFBC}") = "NeuralNetworks", "NeuralNetworks\NeuralNetworks.csproj", "{1BCACDD2-C27D-4C91-B118-243B5CF5D276}"
EndProject
Global
	GlobalSection(SolutionConfigurationPlatforms) = preSolution
		Debug|Any CPU = Debug|Any CPU
		Debug|Mixed Platforms = Debug|Mixed Platforms
		Debug|Win32 = Debug|Win32
		Debug|x86 = Debug|x86
		Release|Any CPU = Release|Any CPU
		Release|Mixed Platforms = Release|Mixed Platforms
		Release|Win32 = Release|Win32
		Release|x86 = Release|x86
	EndGlobalSection
	GlobalSection(ProjectConfigurationPlatforms) = postSolution
		{7979B1A5-987C-472B-A40A-4FDF63EC88B2}.Debug|Any CPU.ActiveCfg = Debug|x86
		{7979B1A5-987C-472B-A40A-4FDF63EC88B2}.Debug|Mixed Platforms.ActiveCfg = Debug|x86
		{7979B1A5-987C-472B-A40A-4FDF63EC88B2}.Debug|Mixed Platforms.Build.0 = Debug|x86
		{7979B1A5-987C-472B-A40A-4FDF63EC88B2}.Debug|Win32.ActiveCfg = Debug|x86
		{7979B1A5-987C-472B-A40A-4FDF63EC88B2}.Debug|Win32.Build.0 = Debug|x86
		{7979B1A5-987C-472B-A40A-4FDF63EC88B2}.Debug|x86.ActiveCfg = Debug|x86
		{7979B1A5-987C-472B-A40A-4FDF63EC88B2}.Debug|x86.Build.0 = Debug|x86
		{7979B1A5-987C-472B-A40A-4FDF63EC88B2}.Release|Any CPU.ActiveCfg = Release|x86
		{7979B1A5-987C-472B-A40A-4FDF63EC88B2}.Release|Mixed Platforms.ActiveCfg = Release|x86
		{7979B1A5-987C-472B-A40A-4FDF63EC88B2}.Release|Mixed Platforms.Build.0 = Release|x86
		{7979B1A5-987C-472B-A40A-4FDF63EC88B2}.Release|Win32.ActiveCfg = Release|x86
		{7979B1A5-987C-472B-A40A-4FDF63EC88B2}.Release|Win32.Build.0 = Release|x86
		{7979B1A5-987C-472B-A40A-4FDF63EC88B2}.Release|x86.ActiveCfg = Release|x86
		{7979B1A5-987C-472B-A40A-4FDF63EC88B2}.Release|x86.Build.0 = Release|x86
		{8884E84C-85FC-4BB1-B524-AF5F53403BF7}.Debug|Any CPU.ActiveCfg = Debug|Any CPU
		{8884E84C-85FC-4BB1-B524-AF5F53403BF7}.Debug|Any CPU.Build.0 = Debug|Any CPU
		{8884E84C-85FC-4BB1-B524-AF5F53403BF7}.Debug|Mixed Platforms.ActiveCfg = Debug|Any CPU
		{8884E84C-85FC-4BB1-B524-AF5F53403BF7}.Debug|Mixed Platforms.Build.0 = Debug|Any CPU
		{8884E84C-85FC-4BB1-B524-AF5F53403BF7}.Debug|Win32.ActiveCfg = Debug|Any CPU
		{8884E84C-85FC-4BB1-B524-AF5F53403BF7}.Debug|x86.ActiveCfg = Debug|Any CPU
		{8884E84C-85FC-4BB1-B524-AF5F53403BF7}.Release|Any CPU.ActiveCfg = Release|Any CPU
		{8884E84C-85FC-4BB1-B524-AF5F53403BF7}.Release|Any CPU.Build.0 = Release|Any CPU
		{8884E84C-85FC-4BB1-B524-AF5F53403BF7}.Release|Mixed Platforms.ActiveCfg = Release|Any CPU
		{8884E84C-85FC-4BB1-B524-AF5F53403BF7}.Release|Mixed Platforms.Build.0 = Release|Any CPU
		{8884E84C-85FC-4BB1-B524-AF5F53403BF7}.Release|Win32.ActiveCfg = Release|Any CPU
		{8884E84C-85FC-4BB1-B524-AF5F53403BF7}.Release|x86.ActiveCfg = Release|Any CPU
		{1BCACDD2-C27D-4C91-B118-243B5CF5D276}.Debug|Any CPU.ActiveCfg = Debug|Any CPU
		{1BCACDD2-C27D-4C91-B118-243B5CF5D276}.Debug|Any CPU.Build.0 = Debug|Any CPU
		{1BCACDD2-C27D-4C91-B118-243B5CF5D276}.Debug|Mixed Platforms.ActiveCfg = Debug|Any CPU
		{1BCACDD2-C27D-4C91-B118-243B5CF5D276}.Debug|Mixed Platforms.Build.0 = Debug|Any CPU
		{1BCACDD2-C27D-4C91-B118-243B5CF5D276}.Debug|Win32.ActiveCfg = Debug|Any CPU
		{1BCACDD2-C27D-4C91-B118-243B5CF5D276}.Debug|x86.ActiveCfg = Debug|Any CPU
		{1BCACDD2-C27D-4C91-B118-243B5CF5D276}.Release|Any CPU.ActiveCfg = Release|Any CPU
		{1BCACDD2-C27D-4C91-B118-243B5CF5D276}.Release|Any CPU.Build.0 = Release|Any CPU
		{1BCACDD2-C27D-4C91-B118-243B5CF5D276}.Release|Mixed Platforms.ActiveCfg = Release|Any CPU
		{1BCACDD2-C27D-4C91-B118-243B5CF5D276}.Release|Mixed Platforms.Build.0 = Release|Any CPU
		{1BCACDD2-C27D-4C91-B118-243B5CF5D276}.Release|Win32.ActiveCfg = Release|Any CPU
		{1BCACDD2-C27D-4C91-B118-243B5CF5D276}.Release|x86.ActiveCfg = Release|Any CPU
	EndGlobalSection
	GlobalSection(SolutionProperties) = preSolution
		HideSolutionNode = FALSE
	EndGlobalSection
EndGlobal
